
Microsoft Visual Studio Solution File, Format Version 12.00
# Visual Studio Version 17
VisualStudioVersion = 17.9.34607.119
MinimumVisualStudioVersion = 10.0.40219.1
Project("{FAE04EC0-301F-11D3-BF4B-00C04F79EFBC}") = "Business", "Business\Business.csproj", "{EF6FDCD5-8279-4B36-A668-90EE8CA11E4B}"
EndProject
Project("{FAE04EC0-301F-11D3-BF4B-00C04F79EFBC}") = "Core", "Core\Core.csproj", "{CFECF5DF-06BF-4B13-BBA4-14FF71E8B897}"
EndProject
Project("{FAE04EC0-301F-11D3-BF4B-00C04F79EFBC}") = "DataAccess", "DataAccess\DataAccess.csproj", "{7961B8A0-2614-49A1-BEEC-00826FDBDBEA}"
EndProject
Project("{FAE04EC0-301F-11D3-BF4B-00C04F79EFBC}") = "Entities", "Entities\Entities.csproj", "{23E1CABD-B979-4D01-92AE-6D55056F486E}"
EndProject
Project("{FAE04EC0-301F-11D3-BF4B-00C04F79EFBC}") = "WebAPI", "WebAPI\WebAPI.csproj", "{76CA1336-C122-4394-9DF9-C3E14B1DD966}"
EndProject
Global
	GlobalSection(SolutionConfigurationPlatforms) = preSolution
		Debug|Any CPU = Debug|Any CPU
		Release|Any CPU = Release|Any CPU
	EndGlobalSection
	GlobalSection(ProjectConfigurationPlatforms) = postSolution
		{EF6FDCD5-8279-4B36-A668-90EE8CA11E4B}.Debug|Any CPU.ActiveCfg = Debug|Any CPU
		{EF6FDCD5-8279-4B36-A668-90EE8CA11E4B}.Debug|Any CPU.Build.0 = Debug|Any CPU
		{EF6FDCD5-8279-4B36-A668-90EE8CA11E4B}.Release|Any CPU.ActiveCfg = Release|Any CPU
		{EF6FDCD5-8279-4B36-A668-90EE8CA11E4B}.Release|Any CPU.Build.0 = Release|Any CPU
		{CFECF5DF-06BF-4B13-BBA4-14FF71E8B897}.Debug|Any CPU.ActiveCfg = Debug|Any CPU
		{CFECF5DF-06BF-4B13-BBA4-14FF71E8B897}.Debug|Any CPU.Build.0 = Debug|Any CPU
		{CFECF5DF-06BF-4B13-BBA4-14FF71E8B897}.Release|Any CPU.ActiveCfg = Release|Any CPU
		{CFECF5DF-06BF-4B13-BBA4-14FF71E8B897}.Release|Any CPU.Build.0 = Release|Any CPU
		{7961B8A0-2614-49A1-BEEC-00826FDBDBEA}.Debug|Any CPU.ActiveCfg = Debug|Any CPU
		{7961B8A0-2614-49A1-BEEC-00826FDBDBEA}.Debug|Any CPU.Build.0 = Debug|Any CPU
		{7961B8A0-2614-49A1-BEEC-00826FDBDBEA}.Release|Any CPU.ActiveCfg = Release|Any CPU
		{7961B8A0-2614-49A1-BEEC-00826FDBDBEA}.Release|Any CPU.Build.0 = Release|Any CPU
		{23E1CABD-B979-4D01-92AE-6D55056F486E}.Debug|Any CPU.ActiveCfg = Debug|Any CPU
		{23E1CABD-B979-4D01-92AE-6D55056F486E}.Debug|Any CPU.Build.0 = Debug|Any CPU
		{23E1CABD-B979-4D01-92AE-6D55056F486E}.Release|Any CPU.ActiveCfg = Release|Any CPU
		{23E1CABD-B979-4D01-92AE-6D55056F486E}.Release|Any CPU.Build.0 = Release|Any CPU
		{76CA1336-C122-4394-9DF9-C3E14B1DD966}.Debug|Any CPU.ActiveCfg = Debug|Any CPU
		{76CA1336-C122-4394-9DF9-C3E14B1DD966}.Debug|Any CPU.Build.0 = Debug|Any CPU
		{76CA1336-C122-4394-9DF9-C3E14B1DD966}.Release|Any CPU.ActiveCfg = Release|Any CPU
		{76CA1336-C122-4394-9DF9-C3E14B1DD966}.Release|Any CPU.Build.0 = Release|Any CPU
	EndGlobalSection
	GlobalSection(SolutionProperties) = preSolution
		HideSolutionNode = FALSE
	EndGlobalSection
	GlobalSection(ExtensibilityGlobals) = postSolution
		SolutionGuid = {BE75E10A-3648-4574-90E8-7A9398D3E79A}
	EndGlobalSection
EndGlobal
